
Microsoft Visual Studio Solution File, Format Version 12.00
# Visual Studio Version 16
VisualStudioVersion = 25.0.1706.12
MinimumVisualStudioVersion = 10.0.40219.1
Project("{FAE04EC0-301F-11D3-BF4B-00C04F79EFBC}") = "NumberPrettifier", "NumberPrettifier\NumberPrettifier.csproj", "{DDE9F6E2-B3D4-4B82-A335-A017C1F6D8AE}"
EndProject
Project("{FAE04EC0-301F-11D3-BF4B-00C04F79EFBC}") = "TestNumberPrettifier", "TestNumberPrettifier\TestNumberPrettifier.csproj", "{348562A5-B6FC-4435-BF8F-2EDC6D4B941F}"
EndProject
Global
	GlobalSection(SolutionConfigurationPlatforms) = preSolution
		Debug|Any CPU = Debug|Any CPU
		Release|Any CPU = Release|Any CPU
	EndGlobalSection
	GlobalSection(ProjectConfigurationPlatforms) = postSolution
		{DDE9F6E2-B3D4-4B82-A335-A017C1F6D8AE}.Debug|Any CPU.ActiveCfg = Debug|Any CPU
		{DDE9F6E2-B3D4-4B82-A335-A017C1F6D8AE}.Debug|Any CPU.Build.0 = Debug|Any CPU
		{DDE9F6E2-B3D4-4B82-A335-A017C1F6D8AE}.Release|Any CPU.ActiveCfg = Release|Any CPU
		{DDE9F6E2-B3D4-4B82-A335-A017C1F6D8AE}.Release|Any CPU.Build.0 = Release|Any CPU
		{348562A5-B6FC-4435-BF8F-2EDC6D4B941F}.Debug|Any CPU.ActiveCfg = Debug|Any CPU
		{348562A5-B6FC-4435-BF8F-2EDC6D4B941F}.Debug|Any CPU.Build.0 = Debug|Any CPU
		{348562A5-B6FC-4435-BF8F-2EDC6D4B941F}.Release|Any CPU.ActiveCfg = Release|Any CPU
		{348562A5-B6FC-4435-BF8F-2EDC6D4B941F}.Release|Any CPU.Build.0 = Release|Any CPU
	EndGlobalSection
	GlobalSection(SolutionProperties) = preSolution
		HideSolutionNode = FALSE
	EndGlobalSection
	GlobalSection(ExtensibilityGlobals) = postSolution
		SolutionGuid = {13786B1E-A424-4993-AC28-891DD5087164}
	EndGlobalSection
EndGlobal
